Microsoft Visual Studio Solution File, Format Version 12.00
# Visual Studio Version 17
VisualStudioVersion = 17.2.32414.248
MinimumVisualStudioVersion = 10.0.40219.1
Project("{9A19103F-16F7-4668-BE54-9A1E7A4F7556}") = "System.Resources.NetStandard", "System.Resources.NetStandard\System.Resources.NetStandard.csproj", "{96517C93-6BA5-4328-92ED-9AAB48380734}"
EndProject
Project("{9A19103F-16F7-4668-BE54-9A1E7A4F7556}") = "System.Resources.Tests", "Tests\System.Resources.Tests.csproj", "{35ED4056-89E0-4E8C-87CB-BFF643074EF6}"
EndProject
Project("{9A19103F-16F7-4668-BE54-9A1E7A4F7556}") = "System.Resources.NetStandard.StrongName", "System.Resources.NetStandard.StrongName\System.Resources.NetStandard.StrongName.csproj", "{8E9D041C-9BD2-4B6A-922F-0194F0C05F57}"
EndProject
Project("{2150E333-8FDC-42A3-9474-1A3956D46DE8}") = "Solution Items", "Solution Items", "{22B0DAA0-D080-4A95-99F2-6EDC8F0D5E7B}"
	ProjectSection(SolutionItems) = preProject
		.github\workflows\build.yml = .github\workflows\build.yml
		Directory.Build.props = Directory.Build.props
	EndProjectSection
EndProject
Global
	GlobalSection(SolutionConfigurationPlatforms) = preSolution
		Debug|Any CPU = Debug|Any CPU
		Release|Any CPU = Release|Any CPU
	EndGlobalSection
	GlobalSection(ProjectConfigurationPlatforms) = postSolution
		{96517C93-6BA5-4328-92ED-9AAB48380734}.Debug|Any CPU.ActiveCfg = Debug|Any CPU
		{96517C93-6BA5-4328-92ED-9AAB48380734}.Debug|Any CPU.Build.0 = Debug|Any CPU
		{96517C93-6BA5-4328-92ED-9AAB48380734}.Release|Any CPU.ActiveCfg = Release|Any CPU
		{96517C93-6BA5-4328-92ED-9AAB48380734}.Release|Any CPU.Build.0 = Release|Any CPU
		{35ED4056-89E0-4E8C-87CB-BFF643074EF6}.Debug|Any CPU.ActiveCfg = Debug|Any CPU
		{35ED4056-89E0-4E8C-87CB-BFF643074EF6}.Debug|Any CPU.Build.0 = Debug|Any CPU
		{35ED4056-89E0-4E8C-87CB-BFF643074EF6}.Release|Any CPU.ActiveCfg = Release|Any CPU
		{35ED4056-89E0-4E8C-87CB-BFF643074EF6}.Release|Any CPU.Build.0 = Release|Any CPU
		{8E9D041C-9BD2-4B6A-922F-0194F0C05F57}.Debug|Any CPU.ActiveCfg = Debug|Any CPU
		{8E9D041C-9BD2-4B6A-922F-0194F0C05F57}.Debug|Any CPU.Build.0 = Debug|Any CPU
		{8E9D041C-9BD2-4B6A-922F-0194F0C05F57}.Release|Any CPU.ActiveCfg = Release|Any CPU
		{8E9D041C-9BD2-4B6A-922F-0194F0C05F57}.Release|Any CPU.Build.0 = Release|Any CPU
	EndGlobalSection
	GlobalSection(SolutionProperties) = preSolution
		HideSolutionNode = FALSE
	EndGlobalSection
	GlobalSection(ExtensibilityGlobals) = postSolution
		SolutionGuid = {80efae08-d8d8-4bf1-bf71-3884481c8cbe}
	EndGlobalSection
EndGlobal
